
Microsoft Visual Studio Solution File, Format Version 12.00
# Visual Studio 15
VisualStudioVersion = 15.0.28010.2046
MinimumVisualStudioVersion = 10.0.40219.1
Project("{FAE04EC0-301F-11D3-BF4B-00C04F79EFBC}") = "Task4_CG", "Task4_CG\Task4_CG.csproj", "{862D4F9C-08EB-4177-B4EB-0757211D5C8D}"
EndProject
Project("{FAE04EC0-301F-11D3-BF4B-00C04F79EFBC}") = "ClassLibrary1", "ClassLibrary1\ClassLibrary1.csproj", "{E02D3B82-03A6-4298-8115-293126B52CF0}"
EndProject
Global
	GlobalSection(SolutionConfigurationPlatforms) = preSolution
		Debug|Any CPU = Debug|Any CPU
		Release|Any CPU = Release|Any CPU
	EndGlobalSection
	GlobalSection(ProjectConfigurationPlatforms) = postSolution
		{862D4F9C-08EB-4177-B4EB-0757211D5C8D}.Debug|Any CPU.ActiveCfg = Debug|Any CPU
		{862D4F9C-08EB-4177-B4EB-0757211D5C8D}.Debug|Any CPU.Build.0 = Debug|Any CPU
		{862D4F9C-08EB-4177-B4EB-0757211D5C8D}.Release|Any CPU.ActiveCfg = Release|Any CPU
		{862D4F9C-08EB-4177-B4EB-0757211D5C8D}.Release|Any CPU.Build.0 = Release|Any CPU
		{E02D3B82-03A6-4298-8115-293126B52CF0}.Debug|Any CPU.ActiveCfg = Debug|Any CPU
		{E02D3B82-03A6-4298-8115-293126B52CF0}.Debug|Any CPU.Build.0 = Debug|Any CPU
		{E02D3B82-03A6-4298-8115-293126B52CF0}.Release|Any CPU.ActiveCfg = Release|Any CPU
		{E02D3B82-03A6-4298-8115-293126B52CF0}.Release|Any CPU.Build.0 = Release|Any CPU
	EndGlobalSection
	GlobalSection(SolutionProperties) = preSolution
		HideSolutionNode = FALSE
	EndGlobalSection
	GlobalSection(ExtensibilityGlobals) = postSolution
		SolutionGuid = {1575D602-7255-4D58-85A2-0F786D2FEAB8}
	EndGlobalSection
EndGlobal
